// !$*UTF8*$!
{
	archiveVersion = 1;
	classes = {
	};
	objectVersion = 56;
	objects = {

/* Begin PBXBuildFile section */
		5717A40A29C61E7600D00C6D /* RickAndMortyGraphQLApp.swift in Sources */ = {isa = PBXBuildFile; fileRef = 5717A40929C61E7600D00C6D /* RickAndMortyGraphQLApp.swift */; };
		5717A40E29C61E7700D00C6D /* Assets.xcassets in Resources */ = {isa = PBXBuildFile; fileRef = 5717A40D29C61E7700D00C6D /* Assets.xcassets */; };
		5717A41129C61E7700D00C6D /* Preview Assets.xcassets in Resources */ = {isa = PBXBuildFile; fileRef = 5717A41029C61E7700D00C6D /* Preview Assets.xcassets */; };
		5717A41B29C61E7800D00C6D /* RickAndMortyGraphQLTests.swift in Sources */ = {isa = PBXBuildFile; fileRef = 5717A41A29C61E7800D00C6D /* RickAndMortyGraphQLTests.swift */; };
		5717A42529C61E7800D00C6D /* RickAndMortyGraphQLUITests.swift in Sources */ = {isa = PBXBuildFile; fileRef = 5717A42429C61E7800D00C6D /* RickAndMortyGraphQLUITests.swift */; };
		5717A42729C61E7800D00C6D /* RickAndMortyGraphQLUITestsLaunchTests.swift in Sources */ = {isa = PBXBuildFile; fileRef = 5717A42629C61E7800D00C6D /* RickAndMortyGraphQLUITestsLaunchTests.swift */; };
		5717A43729C624F000D00C6D /* Queries.graphql in Resources */ = {isa = PBXBuildFile; fileRef = 5717A43629C624F000D00C6D /* Queries.graphql */; };
		5717A43929C6268700D00C6D /* schema.json in Resources */ = {isa = PBXBuildFile; fileRef = 5717A43829C6268700D00C6D /* schema.json */; };
		576830BE29C728AA00F91BCB /* API.swift in Sources */ = {isa = PBXBuildFile; fileRef = 576830BD29C728AA00F91BCB /* API.swift */; };
		576830CD29C730CE00F91BCB /* Apollo.swift in Sources */ = {isa = PBXBuildFile; fileRef = 576830CC29C730CE00F91BCB /* Apollo.swift */; };
		576830D129C7312200F91BCB /* CustomModifierTextCarrouselCell.swift in Sources */ = {isa = PBXBuildFile; fileRef = 576830D029C7312200F91BCB /* CustomModifierTextCarrouselCell.swift */; };
		576830D329C7313F00F91BCB /* VisualEffectBlur.swift in Sources */ = {isa = PBXBuildFile; fileRef = 576830D229C7313F00F91BCB /* VisualEffectBlur.swift */; };
		576830D829C7317A00F91BCB /* CarrouselItemView.swift in Sources */ = {isa = PBXBuildFile; fileRef = 576830D629C7317A00F91BCB /* CarrouselItemView.swift */; };
		576830D929C7317A00F91BCB /* CustomCarrouselView.swift in Sources */ = {isa = PBXBuildFile; fileRef = 576830D729C7317A00F91BCB /* CustomCarrouselView.swift */; };
		576830DB29C7319200F91BCB /* HeaderView.swift in Sources */ = {isa = PBXBuildFile; fileRef = 576830DA29C7319200F91BCB /* HeaderView.swift */; };
		576830E029C731E700F91BCB /* CharacterInfoView.swift in Sources */ = {isa = PBXBuildFile; fileRef = 576830DE29C731E700F91BCB /* CharacterInfoView.swift */; };
		576830E129C731E700F91BCB /* CharacterInfoViewModel.swift in Sources */ = {isa = PBXBuildFile; fileRef = 576830DF29C731E700F91BCB /* CharacterInfoViewModel.swift */; };
		576830E529C7321100F91BCB /* MainViewModel.swift in Sources */ = {isa = PBXBuildFile; fileRef = 576830E329C7321100F91BCB /* MainViewModel.swift */; };
		576830E629C7321100F91BCB /* MainView.swift in Sources */ = {isa = PBXBuildFile; fileRef = 576830E429C7321100F91BCB /* MainView.swift */; };
		576830E829C7355F00F91BCB /* CharactersInformationModel.swift in Sources */ = {isa = PBXBuildFile; fileRef = 576830E729C7355F00F91BCB /* CharactersInformationModel.swift */; };
		576830EC29C8784E00F91BCB /* CharacterInfoDescriptionCellView.swift in Sources */ = {isa = PBXBuildFile; fileRef = 576830EB29C8784E00F91BCB /* CharacterInfoDescriptionCellView.swift */; };
		576830F229C88AC600F91BCB /* CharactersListView.swift in Sources */ = {isa = PBXBuildFile; fileRef = 576830F029C88AC600F91BCB /* CharactersListView.swift */; };
		576830F329C88AC600F91BCB /* CharactersListViewModel.swift in Sources */ = {isa = PBXBuildFile; fileRef = 576830F129C88AC600F91BCB /* CharactersListViewModel.swift */; };
		576830FC29C8B6AC00F91BCB /* Launch Screen.storyboard in Resources */ = {isa = PBXBuildFile; fileRef = 576830FB29C8B6AC00F91BCB /* Launch Screen.storyboard */; };
		576830FE29CAF15100F91BCB /* Repository.swift in Sources */ = {isa = PBXBuildFile; fileRef = 576830FD29CAF15100F91BCB /* Repository.swift */; };
		5768310029CAF30200F91BCB /* EpisodesModel.swift in Sources */ = {isa = PBXBuildFile; fileRef = 576830FF29CAF30200F91BCB /* EpisodesModel.swift */; };
		5768310829CB226100F91BCB /* EpisodeInfoView.swift in Sources */ = {isa = PBXBuildFile; fileRef = 5768310629CB226100F91BCB /* EpisodeInfoView.swift */; };
		5768310929CB226100F91BCB /* EpisodeInfoViewModel.swift in Sources */ = {isa = PBXBuildFile; fileRef = 5768310729CB226100F91BCB /* EpisodeInfoViewModel.swift */; };
		5768311129CD929800F91BCB /* ImageDownloader.swift in Sources */ = {isa = PBXBuildFile; fileRef = 5768311029CD929800F91BCB /* ImageDownloader.swift */; };
		5768311329CD99EB00F91BCB /* JSON+Extension.swift in Sources */ = {isa = PBXBuildFile; fileRef = 5768311229CD99EB00F91BCB /* JSON+Extension.swift */; };
		5768311529CD9ED800F91BCB /* Image+Data.swift in Sources */ = {isa = PBXBuildFile; fileRef = 5768311429CD9ED800F91BCB /* Image+Data.swift */; };
/* End PBXBuildFile section */

/* Begin PBXContainerItemProxy section */
		5717A41729C61E7800D00C6D /* PBXContainerItemProxy */ = {
			isa = PBXContainerItemProxy;
			containerPortal = 5717A3FE29C61E7600D00C6D /* Project object */;
			proxyType = 1;
			remoteGlobalIDString = 5717A40529C61E7600D00C6D;
			remoteInfo = RickAndMortyGraphQL;
		};
		5717A42129C61E7800D00C6D /* PBXContainerItemProxy */ = {
			isa = PBXContainerItemProxy;
			containerPortal = 5717A3FE29C61E7600D00C6D /* Project object */;
			proxyType = 1;
			remoteGlobalIDString = 5717A40529C61E7600D00C6D;
			remoteInfo = RickAndMortyGraphQL;
		};
/* End PBXContainerItemProxy section */

/* Begin PBXFileReference section */
		5717A40629C61E7600D00C6D /* RickAndMortyGraphQL.app */ = {isa = PBXFileReference; explicitFileType = wrapper.application; includeInIndex = 0; path = RickAndMortyGraphQL.app; sourceTree = BUILT_PRODUCTS_DIR; };
		5717A40929C61E7600D00C6D /* RickAndMortyGraphQLApp.swift */ = {isa = PBXFileReference; lastKnownFileType = sourcecode.swift; path = RickAndMortyGraphQLApp.swift; sourceTree = "<group>"; };
		5717A40D29C61E7700D00C6D /* Assets.xcassets */ = {isa = PBXFileReference; lastKnownFileType = folder.assetcatalog; path = Assets.xcassets; sourceTree = "<group>"; };
		5717A41029C61E7700D00C6D /* Preview Assets.xcassets */ = {isa = PBXFileReference; lastKnownFileType = folder.assetcatalog; path = "Preview Assets.xcassets"; sourceTree = "<group>"; };
		5717A41629C61E7800D00C6D /* RickAndMortyGraphQLTests.xctest */ = {isa = PBXFileReference; explicitFileType = wrapper.cfbundle; includeInIndex = 0; path = RickAndMortyGraphQLTests.xctest; sourceTree = BUILT_PRODUCTS_DIR; };
		5717A41A29C61E7800D00C6D /* RickAndMortyGraphQLTests.swift */ = {isa = PBXFileReference; lastKnownFileType = sourcecode.swift; path = RickAndMortyGraphQLTests.swift; sourceTree = "<group>"; };
		5717A42029C61E7800D00C6D /* RickAndMortyGraphQLUITests.xctest */ = {isa = PBXFileReference; explicitFileType = wrapper.cfbundle; includeInIndex = 0; path = RickAndMortyGraphQLUITests.xctest; sourceTree = BUILT_PRODUCTS_DIR; };
		5717A42429C61E7800D00C6D /* RickAndMortyGraphQLUITests.swift */ = {isa = PBXFileReference; lastKnownFileType = sourcecode.swift; path = RickAndMortyGraphQLUITests.swift; sourceTree = "<group>"; };
		5717A42629C61E7800D00C6D /* RickAndMortyGraphQLUITestsLaunchTests.swift */ = {isa = PBXFileReference; lastKnownFileType = sourcecode.swift; path = RickAndMortyGraphQLUITestsLaunchTests.swift; sourceTree = "<group>"; };
		5717A43629C624F000D00C6D /* Queries.graphql */ = {isa = PBXFileReference; fileEncoding = 4; lastKnownFileType = text; path = Queries.graphql; sourceTree = "<group>"; };
		5717A43829C6268700D00C6D /* schema.json */ = {isa = PBXFileReference; fileEncoding = 4; lastKnownFileType = text.json; path = schema.json; sourceTree = "<group>"; };
		576830BD29C728AA00F91BCB /* API.swift */ = {isa = PBXFileReference; fileEncoding = 4; lastKnownFileType = sourcecode.swift; path = API.swift; sourceTree = "<group>"; };
		576830CC29C730CE00F91BCB /* Apollo.swift */ = {isa = PBXFileReference; fileEncoding = 4; lastKnownFileType = sourcecode.swift; path = Apollo.swift; sourceTree = "<group>"; };
		576830D029C7312200F91BCB /* CustomModifierTextCarrouselCell.swift */ = {isa = PBXFileReference; fileEncoding = 4; lastKnownFileType = sourcecode.swift; path = CustomModifierTextCarrouselCell.swift; sourceTree = "<group>"; };
		576830D229C7313F00F91BCB /* VisualEffectBlur.swift */ = {isa = PBXFileReference; fileEncoding = 4; lastKnownFileType = sourcecode.swift; path = VisualEffectBlur.swift; sourceTree = "<group>"; };
		576830D629C7317A00F91BCB /* CarrouselItemView.swift */ = {isa = PBXFileReference; fileEncoding = 4; lastKnownFileType = sourcecode.swift; path = CarrouselItemView.swift; sourceTree = "<group>"; };
		576830D729C7317A00F91BCB /* CustomCarrouselView.swift */ = {isa = PBXFileReference; fileEncoding = 4; lastKnownFileType = sourcecode.swift; path = CustomCarrouselView.swift; sourceTree = "<group>"; };
		576830DA29C7319200F91BCB /* HeaderView.swift */ = {isa = PBXFileReference; fileEncoding = 4; lastKnownFileType = sourcecode.swift; path = HeaderView.swift; sourceTree = "<group>"; };
		576830DE29C731E700F91BCB /* CharacterInfoView.swift */ = {isa = PBXFileReference; fileEncoding = 4; lastKnownFileType = sourcecode.swift; path = CharacterInfoView.swift; sourceTree = "<group>"; };
		576830DF29C731E700F91BCB /* CharacterInfoViewModel.swift */ = {isa = PBXFileReference; fileEncoding = 4; lastKnownFileType = sourcecode.swift; path = CharacterInfoViewModel.swift; sourceTree = "<group>"; };
		576830E329C7321100F91BCB /* MainViewModel.swift */ = {isa = PBXFileReference; fileEncoding = 4; lastKnownFileType = sourcecode.swift; path = MainViewModel.swift; sourceTree = "<group>"; };
		576830E429C7321100F91BCB /* MainView.swift */ = {isa = PBXFileReference; fileEncoding = 4; lastKnownFileType = sourcecode.swift; path = MainView.swift; sourceTree = "<group>"; };
		576830E729C7355F00F91BCB /* CharactersInformationModel.swift */ = {isa = PBXFileReference; lastKnownFileType = sourcecode.swift; path = CharactersInformationModel.swift; sourceTree = "<group>"; };
		576830EB29C8784E00F91BCB /* CharacterInfoDescriptionCellView.swift */ = {isa = PBXFileReference; lastKnownFileType = sourcecode.swift; path = CharacterInfoDescriptionCellView.swift; sourceTree = "<group>"; };
		576830F029C88AC600F91BCB /* CharactersListView.swift */ = {isa = PBXFileReference; lastKnownFileType = sourcecode.swift; path = CharactersListView.swift; sourceTree = "<group>"; };
		576830F129C88AC600F91BCB /* CharactersListViewModel.swift */ = {isa = PBXFileReference; lastKnownFileType = sourcecode.swift; path = CharactersListViewModel.swift; sourceTree = "<group>"; };
		576830FB29C8B6AC00F91BCB /* Launch Screen.storyboard */ = {isa = PBXFileReference; lastKnownFileType = file.storyboard; path = "Launch Screen.storyboard"; sourceTree = "<group>"; };
		576830FD29CAF15100F91BCB /* Repository.swift */ = {isa = PBXFileReference; lastKnownFileType = sourcecode.swift; path = Repository.swift; sourceTree = "<group>"; };
		576830FF29CAF30200F91BCB /* EpisodesModel.swift */ = {isa = PBXFileReference; lastKnownFileType = sourcecode.swift; path = EpisodesModel.swift; sourceTree = "<group>"; };
		5768310629CB226100F91BCB /* EpisodeInfoView.swift */ = {isa = PBXFileReference; lastKnownFileType = sourcecode.swift; path = EpisodeInfoView.swift; sourceTree = "<group>"; };
		5768310729CB226100F91BCB /* EpisodeInfoViewModel.swift */ = {isa = PBXFileReference; lastKnownFileType = sourcecode.swift; path = EpisodeInfoViewModel.swift; sourceTree = "<group>"; };
		5768311029CD929800F91BCB /* ImageDownloader.swift */ = {isa = PBXFileReference; fileEncoding = 4; lastKnownFileType = sourcecode.swift; path = ImageDownloader.swift; sourceTree = "<group>"; };
		5768311229CD99EB00F91BCB /* JSON+Extension.swift */ = {isa = PBXFileReference; fileEncoding = 4; lastKnownFileType = sourcecode.swift; path = "JSON+Extension.swift"; sourceTree = "<group>"; };
		5768311429CD9ED800F91BCB /* Image+Data.swift */ = {isa = PBXFileReference; lastKnownFileType = sourcecode.swift; path = "Image+Data.swift"; sourceTree = "<group>"; };
/* End PBXFileReference section */

/* Begin PBXFrameworksBuildPhase section */
		5717A40329C61E7600D00C6D /* Frameworks */ = {
			isa = PBXFrameworksBuildPhase;
			buildActionMask = 2147483647;
			files = (
			);
			runOnlyForDeploymentPostprocessing = 0;
		};
		5717A41329C61E7800D00C6D /* Frameworks */ = {
			isa = PBXFrameworksBuildPhase;
			buildActionMask = 2147483647;
			files = (
			);
			runOnlyForDeploymentPostprocessing = 0;
		};
		5717A41D29C61E7800D00C6D /* Frameworks */ = {
			isa = PBXFrameworksBuildPhase;
			buildActionMask = 2147483647;
			files = (
			);
			runOnlyForDeploymentPostprocessing = 0;
		};
/* End PBXFrameworksBuildPhase section */

/* Begin PBXGroup section */
		5717A3FD29C61E7600D00C6D = {
			isa = PBXGroup;
			children = (
				5717A40829C61E7600D00C6D /* RickAndMortyGraphQL */,
				5717A41929C61E7800D00C6D /* RickAndMortyGraphQLTests */,
				5717A42329C61E7800D00C6D /* RickAndMortyGraphQLUITests */,
				5717A40729C61E7600D00C6D /* Products */,
				57E6643FBF3F04B56F1B7D2C /* Pods */,
			);
			sourceTree = "<group>";
		};
		5717A40729C61E7600D00C6D /* Products */ = {
			isa = PBXGroup;
			children = (
				5717A40629C61E7600D00C6D /* RickAndMortyGraphQL.app */,
				5717A41629C61E7800D00C6D /* RickAndMortyGraphQLTests.xctest */,
				5717A42029C61E7800D00C6D /* RickAndMortyGraphQLUITests.xctest */,
			);
			name = Products;
			sourceTree = "<group>";
		};
		5717A40829C61E7600D00C6D /* RickAndMortyGraphQL */ = {
			isa = PBXGroup;
			children = (
				576830BD29C728AA00F91BCB /* API.swift */,
				5717A43829C6268700D00C6D /* schema.json */,
				5717A43629C624F000D00C6D /* Queries.graphql */,
				576830CA29C7308F00F91BCB /* Models */,
				576830CE29C730E000F91BCB /* Utils */,
				576830D429C7314E00F91BCB /* View */,
				576830DC29C7319D00F91BCB /* App */,
				5717A40929C61E7600D00C6D /* RickAndMortyGraphQLApp.swift */,
				576830FB29C8B6AC00F91BCB /* Launch Screen.storyboard */,
				5717A40D29C61E7700D00C6D /* Assets.xcassets */,
				5717A40F29C61E7700D00C6D /* Preview Content */,
			);
			path = RickAndMortyGraphQL;
			sourceTree = "<group>";
		};
		5717A40F29C61E7700D00C6D /* Preview Content */ = {
			isa = PBXGroup;
			children = (
				5717A41029C61E7700D00C6D /* Preview Assets.xcassets */,
			);
			path = "Preview Content";
			sourceTree = "<group>";
		};
		5717A41929C61E7800D00C6D /* RickAndMortyGraphQLTests */ = {
			isa = PBXGroup;
			children = (
				5717A41A29C61E7800D00C6D /* RickAndMortyGraphQLTests.swift */,
			);
			path = RickAndMortyGraphQLTests;
			sourceTree = "<group>";
		};
		5717A42329C61E7800D00C6D /* RickAndMortyGraphQLUITests */ = {
			isa = PBXGroup;
			children = (
				5717A42429C61E7800D00C6D /* RickAndMortyGraphQLUITests.swift */,
				5717A42629C61E7800D00C6D /* RickAndMortyGraphQLUITestsLaunchTests.swift */,
			);
			path = RickAndMortyGraphQLUITests;
			sourceTree = "<group>";
		};
		576830CA29C7308F00F91BCB /* Models */ = {
			isa = PBXGroup;
			children = (
				576830CB29C7309F00F91BCB /* GraphQL */,
				576830FD29CAF15100F91BCB /* Repository.swift */,
				576830E729C7355F00F91BCB /* CharactersInformationModel.swift */,
				576830FF29CAF30200F91BCB /* EpisodesModel.swift */,
			);
			path = Models;
			sourceTree = "<group>";
		};
		576830CB29C7309F00F91BCB /* GraphQL */ = {
			isa = PBXGroup;
			children = (
				576830CC29C730CE00F91BCB /* Apollo.swift */,
			);
			path = GraphQL;
			sourceTree = "<group>";
		};
		576830CE29C730E000F91BCB /* Utils */ = {
			isa = PBXGroup;
			children = (
				576830CF29C730EB00F91BCB /* CustomModifiers */,
				5768311229CD99EB00F91BCB /* JSON+Extension.swift */,
				5768311029CD929800F91BCB /* ImageDownloader.swift */,
				576830D229C7313F00F91BCB /* VisualEffectBlur.swift */,
				5768311429CD9ED800F91BCB /* Image+Data.swift */,
			);
			path = Utils;
			sourceTree = "<group>";
		};
		576830CF29C730EB00F91BCB /* CustomModifiers */ = {
			isa = PBXGroup;
			children = (
				576830D029C7312200F91BCB /* CustomModifierTextCarrouselCell.swift */,
			);
			path = CustomModifiers;
			sourceTree = "<group>";
		};
		576830D429C7314E00F91BCB /* View */ = {
			isa = PBXGroup;
			children = (
				576830D529C7316300F91BCB /* Carrousel */,
				576830DA29C7319200F91BCB /* HeaderView.swift */,
				576830EB29C8784E00F91BCB /* CharacterInfoDescriptionCellView.swift */,
			);
			path = View;
			sourceTree = "<group>";
		};
		576830D529C7316300F91BCB /* Carrousel */ = {
			isa = PBXGroup;
			children = (
				576830D629C7317A00F91BCB /* CarrouselItemView.swift */,
				576830D729C7317A00F91BCB /* CustomCarrouselView.swift */,
			);
			path = Carrousel;
			sourceTree = "<group>";
		};
		576830DC29C7319D00F91BCB /* App */ = {
			isa = PBXGroup;
			children = (
				5768310329CB222800F91BCB /* EpisodeInfoView */,
				576830DD29C731A900F91BCB /* CharacterInfoView */,
				576830EF29C88A7F00F91BCB /* CharactersListView */,
				576830E229C731F500F91BCB /* MainView */,
			);
			path = App;
			sourceTree = "<group>";
		};
		576830DD29C731A900F91BCB /* CharacterInfoView */ = {
			isa = PBXGroup;
			children = (
				576830DE29C731E700F91BCB /* CharacterInfoView.swift */,
				576830DF29C731E700F91BCB /* CharacterInfoViewModel.swift */,
			);
			path = CharacterInfoView;
			sourceTree = "<group>";
		};
		576830E229C731F500F91BCB /* MainView */ = {
			isa = PBXGroup;
			children = (
				576830E429C7321100F91BCB /* MainView.swift */,
				576830E329C7321100F91BCB /* MainViewModel.swift */,
			);
			path = MainView;
			sourceTree = "<group>";
		};
		576830EF29C88A7F00F91BCB /* CharactersListView */ = {
			isa = PBXGroup;
			children = (
				576830F029C88AC600F91BCB /* CharactersListView.swift */,
				576830F129C88AC600F91BCB /* CharactersListViewModel.swift */,
			);
			path = CharactersListView;
			sourceTree = "<group>";
		};
		5768310329CB222800F91BCB /* EpisodeInfoView */ = {
			isa = PBXGroup;
			children = (
				5768310629CB226100F91BCB /* EpisodeInfoView.swift */,
				5768310729CB226100F91BCB /* EpisodeInfoViewModel.swift */,
			);
			path = EpisodeInfoView;
			sourceTree = "<group>";
		};
		57E6643FBF3F04B56F1B7D2C /* Pods */ = {
			isa = PBXGroup;
			children = (
			);
			path = Pods;
			sourceTree = "<group>";
		};
/* End PBXGroup section */

/* Begin PBXNativeTarget section */
		5717A40529C61E7600D00C6D /* RickAndMortyGraphQL */ = {
			isa = PBXNativeTarget;
			buildConfigurationList = 5717A42A29C61E7800D00C6D /* Build configuration list for PBXNativeTarget "RickAndMortyGraphQL" */;
			buildPhases = (
				5717A43E29C6512300D00C6D /* Generate Apollo GraphQL API */,
				5717A40229C61E7600D00C6D /* Sources */,
				5717A40329C61E7600D00C6D /* Frameworks */,
				5717A40429C61E7600D00C6D /* Resources */,
				576830BC29C7274C00F91BCB /* SwiftLint */,
			);
			buildRules = (
			);
			dependencies = (
			);
			name = RickAndMortyGraphQL;
			productName = RickAndMortyGraphQL;
			productReference = 5717A40629C61E7600D00C6D /* RickAndMortyGraphQL.app */;
			productType = "com.apple.product-type.application";
		};
		5717A41529C61E7800D00C6D /* RickAndMortyGraphQLTests */ = {
			isa = PBXNativeTarget;
			buildConfigurationList = 5717A42D29C61E7800D00C6D /* Build configuration list for PBXNativeTarget "RickAndMortyGraphQLTests" */;
			buildPhases = (
				5717A41229C61E7800D00C6D /* Sources */,
				5717A41329C61E7800D00C6D /* Frameworks */,
				5717A41429C61E7800D00C6D /* Resources */,
			);
			buildRules = (
			);
			dependencies = (
				5717A41829C61E7800D00C6D /* PBXTargetDependency */,
			);
			name = RickAndMortyGraphQLTests;
			productName = RickAndMortyGraphQLTests;
			productReference = 5717A41629C61E7800D00C6D /* RickAndMortyGraphQLTests.xctest */;
			productType = "com.apple.product-type.bundle.unit-test";
		};
		5717A41F29C61E7800D00C6D /* RickAndMortyGraphQLUITests */ = {
			isa = PBXNativeTarget;
			buildConfigurationList = 5717A43029C61E7800D00C6D /* Build configuration list for PBXNativeTarget "RickAndMortyGraphQLUITests" */;
			buildPhases = (
				5717A41C29C61E7800D00C6D /* Sources */,
				5717A41D29C61E7800D00C6D /* Frameworks */,
				5717A41E29C61E7800D00C6D /* Resources */,
			);
			buildRules = (
			);
			dependencies = (
				5717A42229C61E7800D00C6D /* PBXTargetDependency */,
			);
			name = RickAndMortyGraphQLUITests;
			productName = RickAndMortyGraphQLUITests;
			productReference = 5717A42029C61E7800D00C6D /* RickAndMortyGraphQLUITests.xctest */;
			productType = "com.apple.product-type.bundle.ui-testing";
		};
/* End PBXNativeTarget section */

/* Begin PBXProject section */
		5717A3FE29C61E7600D00C6D /* Project object */ = {
			isa = PBXProject;
			attributes = {
				BuildIndependentTargetsInParallel = 1;
				LastSwiftUpdateCheck = 1420;
				LastUpgradeCheck = 1420;
				TargetAttributes = {
					5717A40529C61E7600D00C6D = {
						CreatedOnToolsVersion = 14.2;
					};
					5717A41529C61E7800D00C6D = {
						CreatedOnToolsVersion = 14.2;
						TestTargetID = 5717A40529C61E7600D00C6D;
					};
					5717A41F29C61E7800D00C6D = {
						CreatedOnToolsVersion = 14.2;
						TestTargetID = 5717A40529C61E7600D00C6D;
					};
				};
			};
			buildConfigurationList = 5717A40129C61E7600D00C6D /* Build configuration list for PBXProject "RickAndMortyGraphQL" */;
			compatibilityVersion = "Xcode 14.0";
			developmentRegion = en;
			hasScannedForEncodings = 0;
			knownRegions = (
				en,
				Base,
			);
			mainGroup = 5717A3FD29C61E7600D00C6D;
			productRefGroup = 5717A40729C61E7600D00C6D /* Products */;
			projectDirPath = "";
			projectRoot = "";
			targets = (
				5717A40529C61E7600D00C6D /* RickAndMortyGraphQL */,
				5717A41529C61E7800D00C6D /* RickAndMortyGraphQLTests */,
				5717A41F29C61E7800D00C6D /* RickAndMortyGraphQLUITests */,
			);
		};
/* End PBXProject section */

/* Begin PBXResourcesBuildPhase section */
		5717A40429C61E7600D00C6D /* Resources */ = {
			isa = PBXResourcesBuildPhase;
			buildActionMask = 2147483647;
			files = (
				5717A43929C6268700D00C6D /* schema.json in Resources */,
				5717A43729C624F000D00C6D /* Queries.graphql in Resources */,
				5717A41129C61E7700D00C6D /* Preview Assets.xcassets in Resources */,
				576830FC29C8B6AC00F91BCB /* Launch Screen.storyboard in Resources */,
				5717A40E29C61E7700D00C6D /* Assets.xcassets in Resources */,
			);
			runOnlyForDeploymentPostprocessing = 0;
		};
		5717A41429C61E7800D00C6D /* Resources */ = {
			isa = PBXResourcesBuildPhase;
			buildActionMask = 2147483647;
			files = (
			);
			runOnlyForDeploymentPostprocessing = 0;
		};
		5717A41E29C61E7800D00C6D /* Resources */ = {
			isa = PBXResourcesBuildPhase;
			buildActionMask = 2147483647;
			files = (
			);
			runOnlyForDeploymentPostprocessing = 0;
		};
/* End PBXResourcesBuildPhase section */

/* Begin PBXShellScriptBuildPhase section */
		5717A43E29C6512300D00C6D /* Generate Apollo GraphQL API */ = {
			isa = PBXShellScriptBuildPhase;
			buildActionMask = 12;
			files = (
			);
			inputFileListPaths = (
			);
			inputPaths = (
			);
			name = "Generate Apollo GraphQL API";
			outputFileListPaths = (
			);
			outputPaths = (
			);
			runOnlyForDeploymentPostprocessing = 0;
			shellPath = /bin/sh;
			shellScript = "# Don't run this during index builds\nif [ $ACTION = \"indexbuild\" ]; then exit 0; fi\n\nSCRIPT_PATH=\"${PODS_ROOT}/Apollo/scripts\"\ncd \"${SRCROOT}/${TARGET_NAME}\"\n\"${SCRIPT_PATH}\"/run-bundled-codegen.sh codegen:generate --target=swift --includes=./**/*.graphql --localSchemaFile=\"schema.json\" API.swift\n";
		};
		576830BC29C7274C00F91BCB /* SwiftLint */ = {
			isa = PBXShellScriptBuildPhase;
			buildActionMask = 2147483647;
			files = (
			);
			inputFileListPaths = (
			);
			inputPaths = (
			);
			name = SwiftLint;
			outputFileListPaths = (
			);
			outputPaths = (
			);
			runOnlyForDeploymentPostprocessing = 0;
			shellPath = /bin/sh;
			shellScript = "export PATH=\"$PATH:/opt/homebrew/bin\"\nif which swiftlint > /dev/null; then\n  swiftlint\nelse\n  echo \"warning: SwiftLint not installed, download from https://github.com/realm/SwiftLint\"\nfi\n";
		};
/* End PBXShellScriptBuildPhase section */

/* Begin PBXSourcesBuildPhase section */
		5717A40229C61E7600D00C6D /* Sources */ = {
			isa = PBXSourcesBuildPhase;
			buildActionMask = 2147483647;
			files = (
				576830D329C7313F00F91BCB /* VisualEffectBlur.swift in Sources */,
				5768311329CD99EB00F91BCB /* JSON+Extension.swift in Sources */,
				576830E629C7321100F91BCB /* MainView.swift in Sources */,
				5768311129CD929800F91BCB /* ImageDownloader.swift in Sources */,
				576830E029C731E700F91BCB /* CharacterInfoView.swift in Sources */,
				5717A40A29C61E7600D00C6D /* RickAndMortyGraphQLApp.swift in Sources */,
				576830E529C7321100F91BCB /* MainViewModel.swift in Sources */,
				5768310029CAF30200F91BCB /* EpisodesModel.swift in Sources */,
				576830D829C7317A00F91BCB /* CarrouselItemView.swift in Sources */,
				576830FE29CAF15100F91BCB /* Repository.swift in Sources */,
				576830DB29C7319200F91BCB /* HeaderView.swift in Sources */,
				5768310829CB226100F91BCB /* EpisodeInfoView.swift in Sources */,
				576830D129C7312200F91BCB /* CustomModifierTextCarrouselCell.swift in Sources */,
				576830E129C731E700F91BCB /* CharacterInfoViewModel.swift in Sources */,
				576830BE29C728AA00F91BCB /* API.swift in Sources */,
				576830F229C88AC600F91BCB /* CharactersListView.swift in Sources */,
				576830D929C7317A00F91BCB /* CustomCarrouselView.swift in Sources */,
				5768310929CB226100F91BCB /* EpisodeInfoViewModel.swift in Sources */,
				576830EC29C8784E00F91BCB /* CharacterInfoDescriptionCellView.swift in Sources */,
				576830E829C7355F00F91BCB /* CharactersInformationModel.swift in Sources */,
				576830CD29C730CE00F91BCB /* Apollo.swift in Sources */,
				5768311529CD9ED800F91BCB /* Image+Data.swift in Sources */,
				576830F329C88AC600F91BCB /* CharactersListViewModel.swift in Sources */,
			);
			runOnlyForDeploymentPostprocessing = 0;
		};
		5717A41229C61E7800D00C6D /* Sources */ = {
			isa = PBXSourcesBuildPhase;
			buildActionMask = 2147483647;
			files = (
				5717A41B29C61E7800D00C6D /* RickAndMortyGraphQLTests.swift in Sources */,
			);
			runOnlyForDeploymentPostprocessing = 0;
		};
		5717A41C29C61E7800D00C6D /* Sources */ = {
			isa = PBXSourcesBuildPhase;
			buildActionMask = 2147483647;
			files = (
				5717A42529C61E7800D00C6D /* RickAndMortyGraphQLUITests.swift in Sources */,
				5717A42729C61E7800D00C6D /* RickAndMortyGraphQLUITestsLaunchTests.swift in Sources */,
			);
			runOnlyForDeploymentPostprocessing = 0;
		};
/* End PBXSourcesBuildPhase section */

/* Begin PBXTargetDependency section */
		5717A41829C61E7800D00C6D /* PBXTargetDependency */ = {
			isa = PBXTargetDependency;
			target = 5717A40529C61E7600D00C6D /* RickAndMortyGraphQL */;
			targetProxy = 5717A41729C61E7800D00C6D /* PBXContainerItemProxy */;
		};
		5717A42229C61E7800D00C6D /* PBXTargetDependency */ = {
			isa = PBXTargetDependency;
			target = 5717A40529C61E7600D00C6D /* RickAndMortyGraphQL */;
			targetProxy = 5717A42129C61E7800D00C6D /* PBXContainerItemProxy */;
		};
/* End PBXTargetDependency section */

/* Begin XCBuildConfiguration section */
		5717A42829C61E7800D00C6D /* Debug */ = {
			isa = XCBuildConfiguration;
			buildSettings = {
				ALWAYS_SEARCH_USER_PATHS = NO;
				CLANG_ANALYZER_NONNULL = YES;
				CLANG_ANALYZER_NUMBER_OBJECT_CONVERSION = YES_AGGRESSIVE;
				CLANG_CXX_LANGUAGE_STANDARD = "gnu++20";
				CLANG_ENABLE_MODULES = YES;
				CLANG_ENABLE_OBJC_ARC = YES;
				CLANG_ENABLE_OBJC_WEAK = YES;
				CLANG_WARN_BLOCK_CAPTURE_AUTORELEASING = YES;
				CLANG_WARN_BOOL_CONVERSION = YES;
				CLANG_WARN_COMMA = YES;
				CLANG_WARN_CONSTANT_CONVERSION = YES;
				CLANG_WARN_DEPRECATED_OBJC_IMPLEMENTATIONS = YES;
				CLANG_WARN_DIRECT_OBJC_ISA_USAGE = YES_ERROR;
				CLANG_WARN_DOCUMENTATION_COMMENTS = YES;
				CLANG_WARN_EMPTY_BODY = YES;
				CLANG_WARN_ENUM_CONVERSION = YES;
				CLANG_WARN_INFINITE_RECURSION = YES;
				CLANG_WARN_INT_CONVERSION = YES;
				CLANG_WARN_NON_LITERAL_NULL_CONVERSION = YES;
				CLANG_WARN_OBJC_IMPLICIT_RETAIN_SELF = YES;
				CLANG_WARN_OBJC_LITERAL_CONVERSION = YES;
				CLANG_WARN_OBJC_ROOT_CLASS = YES_ERROR;
				CLANG_WARN_QUOTED_INCLUDE_IN_FRAMEWORK_HEADER = YES;
				CLANG_WARN_RANGE_LOOP_ANALYSIS = YES;
				CLANG_WARN_STRICT_PROTOTYPES = YES;
				CLANG_WARN_SUSPICIOUS_MOVE = YES;
				CLANG_WARN_UNGUARDED_AVAILABILITY = YES_AGGRESSIVE;
				CLANG_WARN_UNREACHABLE_CODE = YES;
				CLANG_WARN__DUPLICATE_METHOD_MATCH = YES;
				COPY_PHASE_STRIP = NO;
				DEBUG_INFORMATION_FORMAT = dwarf;
				ENABLE_STRICT_OBJC_MSGSEND = YES;
				ENABLE_TESTABILITY = YES;
				GCC_C_LANGUAGE_STANDARD = gnu11;
				GCC_DYNAMIC_NO_PIC = NO;
				GCC_NO_COMMON_BLOCKS = YES;
				GCC_OPTIMIZATION_LEVEL = 0;
				GCC_PREPROCESSOR_DEFINITIONS = (
					"DEBUG=1",
					"$(inherited)",
				);
				GCC_WARN_64_TO_32_BIT_CONVERSION = YES;
				GCC_WARN_ABOUT_RETURN_TYPE = YES_ERROR;
				GCC_WARN_UNDECLARED_SELECTOR = YES;
				GCC_WARN_UNINITIALIZED_AUTOS = YES_AGGRESSIVE;
				GCC_WARN_UNUSED_FUNCTION = YES;
				GCC_WARN_UNUSED_VARIABLE = YES;
				IPHONEOS_DEPLOYMENT_TARGET = 16.2;
				MTL_ENABLE_DEBUG_INFO = INCLUDE_SOURCE;
				MTL_FAST_MATH = YES;
				ONLY_ACTIVE_ARCH = YES;
				SDKROOT = iphoneos;
				SWIFT_ACTIVE_COMPILATION_CONDITIONS = DEBUG;
				SWIFT_OPTIMIZATION_LEVEL = "-Onone";
			};
			name = Debug;
		};
		5717A42929C61E7800D00C6D /* Release */ = {
			isa = XCBuildConfiguration;
			buildSettings = {
				ALWAYS_SEARCH_USER_PATHS = NO;
				CLANG_ANALYZER_NONNULL = YES;
				CLANG_ANALYZER_NUMBER_OBJECT_CONVERSION = YES_AGGRESSIVE;
				CLANG_CXX_LANGUAGE_STANDARD = "gnu++20";
				CLANG_ENABLE_MODULES = YES;
				CLANG_ENABLE_OBJC_ARC = YES;
				CLANG_ENABLE_OBJC_WEAK = YES;
				CLANG_WARN_BLOCK_CAPTURE_AUTORELEASING = YES;
				CLANG_WARN_BOOL_CONVERSION = YES;
				CLANG_WARN_COMMA = YES;
				CLANG_WARN_CONSTANT_CONVERSION = YES;
				CLANG_WARN_DEPRECATED_OBJC_IMPLEMENTATIONS = YES;
				CLANG_WARN_DIRECT_OBJC_ISA_USAGE = YES_ERROR;
				CLANG_WARN_DOCUMENTATION_COMMENTS = YES;
				CLANG_WARN_EMPTY_BODY = YES;
				CLANG_WARN_ENUM_CONVERSION = YES;
				CLANG_WARN_INFINITE_RECURSION = YES;
				CLANG_WARN_INT_CONVERSION = YES;
				CLANG_WARN_NON_LITERAL_NULL_CONVERSION = YES;
				CLANG_WARN_OBJC_IMPLICIT_RETAIN_SELF = YES;
				CLANG_WARN_OBJC_LITERAL_CONVERSION = YES;
				CLANG_WARN_OBJC_ROOT_CLASS = YES_ERROR;
				CLANG_WARN_QUOTED_INCLUDE_IN_FRAMEWORK_HEADER = YES;
				CLANG_WARN_RANGE_LOOP_ANALYSIS = YES;
				CLANG_WARN_STRICT_PROTOTYPES = YES;
				CLANG_WARN_SUSPICIOUS_MOVE = YES;
				CLANG_WARN_UNGUARDED_AVAILABILITY = YES_AGGRESSIVE;
				CLANG_WARN_UNREACHABLE_CODE = YES;
				CLANG_WARN__DUPLICATE_METHOD_MATCH = YES;
				COPY_PHASE_STRIP = NO;
				DEBUG_INFORMATION_FORMAT = "dwarf-with-dsym";
				ENABLE_NS_ASSERTIONS = NO;
				ENABLE_STRICT_OBJC_MSGSEND = YES;
				GCC_C_LANGUAGE_STANDARD = gnu11;
				GCC_NO_COMMON_BLOCKS = YES;
				GCC_WARN_64_TO_32_BIT_CONVERSION = YES;
				GCC_WARN_ABOUT_RETURN_TYPE = YES_ERROR;
				GCC_WARN_UNDECLARED_SELECTOR = YES;
				GCC_WARN_UNINITIALIZED_AUTOS = YES_AGGRESSIVE;
				GCC_WARN_UNUSED_FUNCTION = YES;
				GCC_WARN_UNUSED_VARIABLE = YES;
				IPHONEOS_DEPLOYMENT_TARGET = 16.2;
				MTL_ENABLE_DEBUG_INFO = NO;
				MTL_FAST_MATH = YES;
				SDKROOT = iphoneos;
				SWIFT_COMPILATION_MODE = wholemodule;
				SWIFT_OPTIMIZATION_LEVEL = "-O";
				VALIDATE_PRODUCT = YES;
			};
			name = Release;
		};
		5717A42B29C61E7800D00C6D /* Debug */ = {
			isa = XCBuildConfiguration;
			buildSettings = {
				ASSETCATALOG_COMPILER_APPICON_NAME = AppIcon;
				ASSETCATALOG_COMPILER_GLOBAL_ACCENT_COLOR_NAME = AccentColor;
				CODE_SIGN_STYLE = Automatic;
				CURRENT_PROJECT_VERSION = 1;
				DEVELOPMENT_ASSET_PATHS = "\"RickAndMortyGraphQL/Preview Content\"";
				DEVELOPMENT_TEAM = KB9K4VUF76;
				ENABLE_PREVIEWS = YES;
				GENERATE_INFOPLIST_FILE = YES;
				INFOPLIST_KEY_UIApplicationSceneManifest_Generation = YES;
				INFOPLIST_KEY_UIApplicationSupportsIndirectInputEvents = YES;
				INFOPLIST_KEY_UILaunchScreen_Generation = YES;
				INFOPLIST_KEY_UILaunchStoryboardName = "Launch Screen.storyboard";
				INFOPLIST_KEY_UISupportedInterfaceOrientations_iPad = "UIInterfaceOrientationPortrait UIInterfaceOrientationPortraitUpsideDown UIInterfaceOrientationLandscapeLeft UIInterfaceOrientationLandscapeRight";
				INFOPLIST_KEY_UISupportedInterfaceOrientations_iPhone = "UIInterfaceOrientationPortrait UIInterfaceOrientationLandscapeLeft UIInterfaceOrientationLandscapeRight";
				LD_RUNPATH_SEARCH_PATHS = (
					"$(inherited)",
					"@executable_path/Frameworks",
				);
				MARKETING_VERSION = 1.0;
				PRODUCT_BUNDLE_IDENTIFIER = com.avantgarde.RickAndMortyGraphQL;
				PRODUCT_NAME = "$(TARGET_NAME)";
				SWIFT_EMIT_LOC_STRINGS = YES;
				SWIFT_VERSION = 5.0;
				TARGETED_DEVICE_FAMILY = "1,2";
			};
			name = Debug;
		};
		5717A42C29C61E7800D00C6D /* Release */ = {
			isa = XCBuildConfiguration;
			buildSettings = {
				ASSETCATALOG_COMPILER_APPICON_NAME = AppIcon;
				ASSETCATALOG_COMPILER_GLOBAL_ACCENT_COLOR_NAME = AccentColor;
				CODE_SIGN_STYLE = Automatic;
				CURRENT_PROJECT_VERSION = 1;
				DEVELOPMENT_ASSET_PATHS = "\"RickAndMortyGraphQL/Preview Content\"";
				DEVELOPMENT_TEAM = KB9K4VUF76;
				ENABLE_PREVIEWS = YES;
				GENERATE_INFOPLIST_FILE = YES;
				INFOPLIST_KEY_UIApplicationSceneManifest_Generation = YES;
				INFOPLIST_KEY_UIApplicationSupportsIndirectInputEvents = YES;
				INFOPLIST_KEY_UILaunchScreen_Generation = YES;
				INFOPLIST_KEY_UILaunchStoryboardName = "Launch Screen.storyboard";
				INFOPLIST_KEY_UISupportedInterfaceOrientations_iPad = "UIInterfaceOrientationPortrait UIInterfaceOrientationPortraitUpsideDown UIInterfaceOrientationLandscapeLeft UIInterfaceOrientationLandscapeRight";
				INFOPLIST_KEY_UISupportedInterfaceOrientations_iPhone = "UIInterfaceOrientationPortrait UIInterfaceOrientationLandscapeLeft UIInterfaceOrientationLandscapeRight";
				LD_RUNPATH_SEARCH_PATHS = (
					"$(inherited)",
					"@executable_path/Frameworks",
				);
				MARKETING_VERSION = 1.0;
				PRODUCT_BUNDLE_IDENTIFIER = com.avantgarde.RickAndMortyGraphQL;
				PRODUCT_NAME = "$(TARGET_NAME)";
				SWIFT_EMIT_LOC_STRINGS = YES;
				SWIFT_VERSION = 5.0;
				TARGETED_DEVICE_FAMILY = "1,2";
			};
			name = Release;
		};
		5717A42E29C61E7800D00C6D /* Debug */ = {
			isa = XCBuildConfiguration;
			buildSettings = {
				ALWAYS_EMBED_SWIFT_STANDARD_LIBRARIES = YES;
				BUNDLE_LOADER = "$(TEST_HOST)";
				CODE_SIGN_STYLE = Automatic;
				CURRENT_PROJECT_VERSION = 1;
				DEVELOPMENT_TEAM = KB9K4VUF76;
				GENERATE_INFOPLIST_FILE = YES;
				IPHONEOS_DEPLOYMENT_TARGET = 16.2;
				MARKETING_VERSION = 1.0;
				PRODUCT_BUNDLE_IDENTIFIER = com.avantgarde.RickAndMortyGraphQLTests;
				PRODUCT_NAME = "$(TARGET_NAME)";
				SWIFT_EMIT_LOC_STRINGS = NO;
				SWIFT_VERSION = 5.0;
				TARGETED_DEVICE_FAMILY = "1,2";
				TEST_HOST = "$(BUILT_PRODUCTS_DIR)/RickAndMortyGraphQL.app/$(BUNDLE_EXECUTABLE_FOLDER_PATH)/RickAndMortyGraphQL";
			};
			name = Debug;
		};
		5717A42F29C61E7800D00C6D /* Release */ = {
			isa = XCBuildConfiguration;
			buildSettings = {
				ALWAYS_EMBED_SWIFT_STANDARD_LIBRARIES = YES;
				BUNDLE_LOADER = "$(TEST_HOST)";
				CODE_SIGN_STYLE = Automatic;
				CURRENT_PROJECT_VERSION = 1;
				DEVELOPMENT_TEAM = KB9K4VUF76;
				GENERATE_INFOPLIST_FILE = YES;
				IPHONEOS_DEPLOYMENT_TARGET = 16.2;
				MARKETING_VERSION = 1.0;
				PRODUCT_BUNDLE_IDENTIFIER = com.avantgarde.RickAndMortyGraphQLTests;
				PRODUCT_NAME = "$(TARGET_NAME)";
				SWIFT_EMIT_LOC_STRINGS = NO;
				SWIFT_VERSION = 5.0;
				TARGETED_DEVICE_FAMILY = "1,2";
				TEST_HOST = "$(BUILT_PRODUCTS_DIR)/RickAndMortyGraphQL.app/$(BUNDLE_EXECUTABLE_FOLDER_PATH)/RickAndMortyGraphQL";
			};
			name = Release;
		};
		5717A43129C61E7800D00C6D /* Debug */ = {
			isa = XCBuildConfiguration;
			buildSettings = {
				ALWAYS_EMBED_SWIFT_STANDARD_LIBRARIES = YES;
				CODE_SIGN_STYLE = Automatic;
				CURRENT_PROJECT_VERSION = 1;
				DEVELOPMENT_TEAM = KB9K4VUF76;
				GENERATE_INFOPLIST_FILE = YES;
				MARKETING_VERSION = 1.0;
				PRODUCT_BUNDLE_IDENTIFIER = com.avantgarde.RickAndMortyGraphQLUITests;
				PRODUCT_NAME = "$(TARGET_NAME)";
				SWIFT_EMIT_LOC_STRINGS = NO;
				SWIFT_VERSION = 5.0;
				TARGETED_DEVICE_FAMILY = "1,2";
				TEST_TARGET_NAME = RickAndMortyGraphQL;
			};
			name = Debug;
		};
		5717A43229C61E7800D00C6D /* Release */ = {
			isa = XCBuildConfiguration;
			buildSettings = {
				ALWAYS_EMBED_SWIFT_STANDARD_LIBRARIES = YES;
				CODE_SIGN_STYLE = Automatic;
				CURRENT_PROJECT_VERSION = 1;
				DEVELOPMENT_TEAM = KB9K4VUF76;
				GENERATE_INFOPLIST_FILE = YES;
				MARKETING_VERSION = 1.0;
				PRODUCT_BUNDLE_IDENTIFIER = com.avantgarde.RickAndMortyGraphQLUITests;
				PRODUCT_NAME = "$(TARGET_NAME)";
				SWIFT_EMIT_LOC_STRINGS = NO;
				SWIFT_VERSION = 5.0;
				TARGETED_DEVICE_FAMILY = "1,2";
				TEST_TARGET_NAME = RickAndMortyGraphQL;
			};
			name = Release;
		};
/* End XCBuildConfiguration section */

/* Begin XCConfigurationList section */
		5717A40129C61E7600D00C6D /* Build configuration list for PBXProject "RickAndMortyGraphQL" */ = {
			isa = XCConfigurationList;
			buildConfigurations = (
				5717A42829C61E7800D00C6D /* Debug */,
				5717A42929C61E7800D00C6D /* Release */,
			);
			defaultConfigurationIsVisible = 0;
			defaultConfigurationName = Release;
		};
		5717A42A29C61E7800D00C6D /* Build configuration list for PBXNativeTarget "RickAndMortyGraphQL" */ = {
			isa = XCConfigurationList;
			buildConfigurations = (
				5717A42B29C61E7800D00C6D /* Debug */,
				5717A42C29C61E7800D00C6D /* Release */,
			);
			defaultConfigurationIsVisible = 0;
			defaultConfigurationName = Release;
		};
		5717A42D29C61E7800D00C6D /* Build configuration list for PBXNativeTarget "RickAndMortyGraphQLTests" */ = {
			isa = XCConfigurationList;
			buildConfigurations = (
				5717A42E29C61E7800D00C6D /* Debug */,
				5717A42F29C61E7800D00C6D /* Release */,
			);
			defaultConfigurationIsVisible = 0;
			defaultConfigurationName = Release;
		};
		5717A43029C61E7800D00C6D /* Build configuration list for PBXNativeTarget "RickAndMortyGraphQLUITests" */ = {
			isa = XCConfigurationList;
			buildConfigurations = (
				5717A43129C61E7800D00C6D /* Debug */,
				5717A43229C61E7800D00C6D /* Release */,
			);
			defaultConfigurationIsVisible = 0;
			defaultConfigurationName = Release;
		};
/* End XCConfigurationList section */
	};
	rootObject = 5717A3FE29C61E7600D00C6D /* Project object */;
}
